<Solution>
  <Folder Name="/solution items/">
    <File Path=".editorconfig" />
    <File Path="Directory.Build.props" />
    <File Path="Directory.Build.targets" />
    <File Path="Directory.Packages.props" />
    <File Path="LICENSE" />
    <File Path="README.md" />
    <File Path="global.json" />
    <File Path="nuget.config" />
  </Folder>
  <Folder Name="/src/">
    <Project Path="src/DotnetFhirConnect/DotnetFhirConnect.csproj" />
    <Project Path="src/DotnetFhirConnect.Cli/DotnetFhirConnect.Cli.csproj" />
  </Folder>
  <Folder Name="/tests/">
    <Project Path="tests/DotnetFhirConnect.Tests/DotnetFhirConnect.Tests.csproj" />
    <Project Path="tests/DotnetFhirConnect.Cli.Tests/DotnetFhirConnect.Cli.Tests.csproj" />
  </Folder>
  <Folder Name="/tools/">
    <Project Path="tools/GenFixtures/GenFixtures.csproj" />
  </Folder>
</Solution>
